
Microsoft Visual Studio Solution File, Format Version 12.00
# Visual Studio Version 16
VisualStudioVersion = 16.0.28729.10
MinimumVisualStudioVersion = 10.0.40219.1
Project("{FAE04EC0-301F-11D3-BF4B-00C04F79EFBC}") = "ErrorHandling", "ErrorHandling\ErrorHandling.csproj", "{C7508A1D-2090-4071-AF05-FB0A6CE425D1}"
EndProject
Global
	GlobalSection(SolutionConfigurationPlatforms) = preSolution
		Debug|Any CPU = Debug|Any CPU
		Release|Any CPU = Release|Any CPU
	EndGlobalSection
	GlobalSection(ProjectConfigurationPlatforms) = postSolution
		{C7508A1D-2090-4071-AF05-FB0A6CE425D1}.Debug|Any CPU.ActiveCfg = Debug|Any CPU
		{C7508A1D-2090-4071-AF05-FB0A6CE425D1}.Debug|Any CPU.Build.0 = Debug|Any CPU
		{C7508A1D-2090-4071-AF05-FB0A6CE425D1}.Release|Any CPU.ActiveCfg = Release|Any CPU
		{C7508A1D-2090-4071-AF05-FB0A6CE425D1}.Release|Any CPU.Build.0 = Release|Any CPU
	EndGlobalSection
	GlobalSection(SolutionProperties) = preSolution
		HideSolutionNode = FALSE
	EndGlobalSection
	GlobalSection(ExtensibilityGlobals) = postSolution
		SolutionGuid = {4DDD2FA6-BC9B-4D7A-9445-100EAD57DA06}
	EndGlobalSection
EndGlobal
